// !$*UTF8*$!
{
	archiveVersion = 1;
	classes = {
	};
	objectVersion = 56;
	objects = {

/* Begin PBXBuildFile section */
		061238662ADE9A8300B67618 /* VCamUIPreviewApp.swift in Sources */ = {isa = PBXBuildFile; fileRef = 061238652ADE9A8300B67618 /* VCamUIPreviewApp.swift */; };
		061238682ADE9A8300B67618 /* ContentView.swift in Sources */ = {isa = PBXBuildFile; fileRef = 061238672ADE9A8300B67618 /* ContentView.swift */; };
		0612386A2ADE9A8400B67618 /* Assets.xcassets in Resources */ = {isa = PBXBuildFile; fileRef = 061238692ADE9A8400B67618 /* Assets.xcassets */; };
		0612386D2ADE9A8400B67618 /* Preview Assets.xcassets in Resources */ = {isa = PBXBuildFile; fileRef = 0612386C2ADE9A8400B67618 /* Preview Assets.xcassets */; };
		061238752ADE9C6D00B67618 /* xcode in Resources */ = {isa = PBXBuildFile; fileRef = 061238742ADE9C6D00B67618 /* xcode */; };
		061238782ADE9CEE00B67618 /* VCam in Frameworks */ = {isa = PBXBuildFile; productRef = 061238772ADE9CEE00B67618 /* VCam */; };
		06A72E8B2AE4305D000D0B25 /* XCUIApplication+.swift in Sources */ = {isa = PBXBuildFile; fileRef = 06A72E8A2AE4305D000D0B25 /* XCUIApplication+.swift */; };
		06A72E8D2AE4359E000D0B25 /* VCam in Frameworks */ = {isa = PBXBuildFile; productRef = 06A72E8C2AE4359E000D0B25 /* VCam */; };
		06A72E8F2AE45073000D0B25 /* XCUIElementQuery+.swift in Sources */ = {isa = PBXBuildFile; fileRef = 06A72E8E2AE45073000D0B25 /* XCUIElementQuery+.swift */; };
		06EC61182ADEE7A900D2A5C9 /* VCamStub in Frameworks */ = {isa = PBXBuildFile; productRef = 06EC61172ADEE7A900D2A5C9 /* VCamStub */; };
		06EC61202AE016C300D2A5C9 /* VCamUIPreviewUITests.swift in Sources */ = {isa = PBXBuildFile; fileRef = 06EC611F2AE016C300D2A5C9 /* VCamUIPreviewUITests.swift */; };
		06EC61222AE016C300D2A5C9 /* LaunchScreenshotTests.swift in Sources */ = {isa = PBXBuildFile; fileRef = 06EC61212AE016C300D2A5C9 /* LaunchScreenshotTests.swift */; };
/* End PBXBuildFile section */

/* Begin PBXContainerItemProxy section */
		06EC61232AE016C300D2A5C9 /* PBXContainerItemProxy */ = {
			isa = PBXContainerItemProxy;
			containerPortal = 0612385A2ADE9A8300B67618 /* Project object */;
			proxyType = 1;
			remoteGlobalIDString = 061238612ADE9A8300B67618;
			remoteInfo = VCamUIPreview;
		};
/* End PBXContainerItemProxy section */

/* Begin PBXFileReference section */
		061238622ADE9A8300B67618 /* VCamUIPreview.app */ = {isa = PBXFileReference; explicitFileType = wrapper.application; includeInIndex = 0; path = VCamUIPreview.app; sourceTree = BUILT_PRODUCTS_DIR; };
		061238652ADE9A8300B67618 /* VCamUIPreviewApp.swift */ = {isa = PBXFileReference; lastKnownFileType = sourcecode.swift; path = VCamUIPreviewApp.swift; sourceTree = "<group>"; };
		061238672ADE9A8300B67618 /* ContentView.swift */ = {isa = PBXFileReference; lastKnownFileType = sourcecode.swift; path = ContentView.swift; sourceTree = "<group>"; };
		061238692ADE9A8400B67618 /* Assets.xcassets */ = {isa = PBXFileReference; lastKnownFileType = folder.assetcatalog; path = Assets.xcassets; sourceTree = "<group>"; };
		0612386C2ADE9A8400B67618 /* Preview Assets.xcassets */ = {isa = PBXFileReference; lastKnownFileType = folder.assetcatalog; path = "Preview Assets.xcassets"; sourceTree = "<group>"; };
		0612386E2ADE9A8400B67618 /* VCamUIPreview.entitlements */ = {isa = PBXFileReference; lastKnownFileType = text.plist.entitlements; path = VCamUIPreview.entitlements; sourceTree = "<group>"; };
		061238742ADE9C6D00B67618 /* xcode */ = {isa = PBXFileReference; lastKnownFileType = wrapper; name = xcode; path = ..; sourceTree = "<group>"; };
		06A72E8A2AE4305D000D0B25 /* XCUIApplication+.swift */ = {isa = PBXFileReference; lastKnownFileType = sourcecode.swift; path = "XCUIApplication+.swift"; sourceTree = "<group>"; };
		06A72E8E2AE45073000D0B25 /* XCUIElementQuery+.swift */ = {isa = PBXFileReference; lastKnownFileType = sourcecode.swift; path = "XCUIElementQuery+.swift"; sourceTree = "<group>"; };
		06EC611D2AE016C300D2A5C9 /* VCamUIPreviewUITests.xctest */ = {isa = PBXFileReference; explicitFileType = wrapper.cfbundle; includeInIndex = 0; path = VCamUIPreviewUITests.xctest; sourceTree = BUILT_PRODUCTS_DIR; };
		06EC611F2AE016C300D2A5C9 /* VCamUIPreviewUITests.swift */ = {isa = PBXFileReference; lastKnownFileType = sourcecode.swift; path = VCamUIPreviewUITests.swift; sourceTree = "<group>"; };
		06EC61212AE016C300D2A5C9 /* LaunchScreenshotTests.swift */ = {isa = PBXFileReference; lastKnownFileType = sourcecode.swift; path = LaunchScreenshotTests.swift; sourceTree = "<group>"; };
/* End PBXFileReference section */

/* Begin PBXFrameworksBuildPhase section */
		0612385F2ADE9A8300B67618 /* Frameworks */ = {
			isa = PBXFrameworksBuildPhase;
			buildActionMask = 2147483647;
			files = (
				061238782ADE9CEE00B67618 /* VCam in Frameworks */,
				06EC61182ADEE7A900D2A5C9 /* VCamStub in Frameworks */,
			);
			runOnlyForDeploymentPostprocessing = 0;
		};
		06EC611A2AE016C300D2A5C9 /* Frameworks */ = {
			isa = PBXFrameworksBuildPhase;
			buildActionMask = 2147483647;
			files = (
				06A72E8D2AE4359E000D0B25 /* VCam in Frameworks */,
			);
			runOnlyForDeploymentPostprocessing = 0;
		};
/* End PBXFrameworksBuildPhase section */

/* Begin PBXGroup section */
		061238592ADE9A8300B67618 = {
			isa = PBXGroup;
			children = (
				061238742ADE9C6D00B67618 /* xcode */,
				061238642ADE9A8300B67618 /* VCamUIPreview */,
				06EC611E2AE016C300D2A5C9 /* VCamUIPreviewUITests */,
				061238632ADE9A8300B67618 /* Products */,
				061238762ADE9CEE00B67618 /* Frameworks */,
			);
			sourceTree = "<group>";
		};
		061238632ADE9A8300B67618 /* Products */ = {
			isa = PBXGroup;
			children = (
				061238622ADE9A8300B67618 /* VCamUIPreview.app */,
				06EC611D2AE016C300D2A5C9 /* VCamUIPreviewUITests.xctest */,
			);
			name = Products;
			sourceTree = "<group>";
		};
		061238642ADE9A8300B67618 /* VCamUIPreview */ = {
			isa = PBXGroup;
			children = (
				061238652ADE9A8300B67618 /* VCamUIPreviewApp.swift */,
				061238672ADE9A8300B67618 /* ContentView.swift */,
				061238692ADE9A8400B67618 /* Assets.xcassets */,
				0612386E2ADE9A8400B67618 /* VCamUIPreview.entitlements */,
				0612386B2ADE9A8400B67618 /* Preview Content */,
			);
			path = VCamUIPreview;
			sourceTree = "<group>";
		};
		0612386B2ADE9A8400B67618 /* Preview Content */ = {
			isa = PBXGroup;
			children = (
				0612386C2ADE9A8400B67618 /* Preview Assets.xcassets */,
			);
			path = "Preview Content";
			sourceTree = "<group>";
		};
		061238762ADE9CEE00B67618 /* Frameworks */ = {
			isa = PBXGroup;
			children = (
			);
			name = Frameworks;
			sourceTree = "<group>";
		};
		06EC611E2AE016C300D2A5C9 /* VCamUIPreviewUITests */ = {
			isa = PBXGroup;
			children = (
				06EC611F2AE016C300D2A5C9 /* VCamUIPreviewUITests.swift */,
				06EC61212AE016C300D2A5C9 /* LaunchScreenshotTests.swift */,
				06A72E8A2AE4305D000D0B25 /* XCUIApplication+.swift */,
				06A72E8E2AE45073000D0B25 /* XCUIElementQuery+.swift */,
			);
			path = VCamUIPreviewUITests;
			sourceTree = "<group>";
		};
/* End PBXGroup section */

/* Begin PBXNativeTarget section */
		061238612ADE9A8300B67618 /* VCamUIPreview */ = {
			isa = PBXNativeTarget;
			buildConfigurationList = 061238712ADE9A8400B67618 /* Build configuration list for PBXNativeTarget "VCamUIPreview" */;
			buildPhases = (
				0612385E2ADE9A8300B67618 /* Sources */,
				0612385F2ADE9A8300B67618 /* Frameworks */,
				061238602ADE9A8300B67618 /* Resources */,
			);
			buildRules = (
			);
			dependencies = (
			);
			name = VCamUIPreview;
			packageProductDependencies = (
				061238772ADE9CEE00B67618 /* VCam */,
				06EC61172ADEE7A900D2A5C9 /* VCamStub */,
			);
			productName = VCamUIPreview;
			productReference = 061238622ADE9A8300B67618 /* VCamUIPreview.app */;
			productType = "com.apple.product-type.application";
		};
		06EC611C2AE016C300D2A5C9 /* VCamUIPreviewUITests */ = {
			isa = PBXNativeTarget;
			buildConfigurationList = 06EC61272AE016C300D2A5C9 /* Build configuration list for PBXNativeTarget "VCamUIPreviewUITests" */;
			buildPhases = (
				06EC61192AE016C300D2A5C9 /* Sources */,
				06EC611A2AE016C300D2A5C9 /* Frameworks */,
				06EC611B2AE016C300D2A5C9 /* Resources */,
			);
			buildRules = (
			);
			dependencies = (
				06EC61242AE016C300D2A5C9 /* PBXTargetDependency */,
			);
			name = VCamUIPreviewUITests;
			packageProductDependencies = (
				06A72E8C2AE4359E000D0B25 /* VCam */,
			);
			productName = VCamUIPreviewUITests;
			productReference = 06EC611D2AE016C300D2A5C9 /* VCamUIPreviewUITests.xctest */;
			productType = "com.apple.product-type.bundle.ui-testing";
		};
/* End PBXNativeTarget section */

/* Begin PBXProject section */
		0612385A2ADE9A8300B67618 /* Project object */ = {
			isa = PBXProject;
			attributes = {
				BuildIndependentTargetsInParallel = 1;
				LastSwiftUpdateCheck = 1500;
				LastUpgradeCheck = 1500;
				TargetAttributes = {
					061238612ADE9A8300B67618 = {
						CreatedOnToolsVersion = 15.0;
					};
					06EC611C2AE016C300D2A5C9 = {
						CreatedOnToolsVersion = 15.0;
						TestTargetID = 061238612ADE9A8300B67618;
					};
				};
			};
			buildConfigurationList = 0612385D2ADE9A8300B67618 /* Build configuration list for PBXProject "VCam" */;
			compatibilityVersion = "Xcode 14.0";
			developmentRegion = en;
			hasScannedForEncodings = 0;
			knownRegions = (
				en,
				Base,
			);
			mainGroup = 061238592ADE9A8300B67618;
			productRefGroup = 061238632ADE9A8300B67618 /* Products */;
			projectDirPath = "";
			projectRoot = "";
			targets = (
				061238612ADE9A8300B67618 /* VCamUIPreview */,
				06EC611C2AE016C300D2A5C9 /* VCamUIPreviewUITests */,
			);
		};
/* End PBXProject section */

/* Begin PBXResourcesBuildPhase section */
		061238602ADE9A8300B67618 /* Resources */ = {
			isa = PBXResourcesBuildPhase;
			buildActionMask = 2147483647;
			files = (
				061238752ADE9C6D00B67618 /* xcode in Resources */,
				0612386D2ADE9A8400B67618 /* Preview Assets.xcassets in Resources */,
				0612386A2ADE9A8400B67618 /* Assets.xcassets in Resources */,
			);
			runOnlyForDeploymentPostprocessing = 0;
		};
		06EC611B2AE016C300D2A5C9 /* Resources */ = {
			isa = PBXResourcesBuildPhase;
			buildActionMask = 2147483647;
			files = (
			);
			runOnlyForDeploymentPostprocessing = 0;
		};
/* End PBXResourcesBuildPhase section */

/* Begin PBXSourcesBuildPhase section */
		0612385E2ADE9A8300B67618 /* Sources */ = {
			isa = PBXSourcesBuildPhase;
			buildActionMask = 2147483647;
			files = (
				061238682ADE9A8300B67618 /* ContentView.swift in Sources */,
				061238662ADE9A8300B67618 /* VCamUIPreviewApp.swift in Sources */,
			);
			runOnlyForDeploymentPostprocessing = 0;
		};
		06EC61192AE016C300D2A5C9 /* Sources */ = {
			isa = PBXSourcesBuildPhase;
			buildActionMask = 2147483647;
			files = (
				06EC61222AE016C300D2A5C9 /* LaunchScreenshotTests.swift in Sources */,
				06A72E8B2AE4305D000D0B25 /* XCUIApplication+.swift in Sources */,
				06A72E8F2AE45073000D0B25 /* XCUIElementQuery+.swift in Sources */,
				06EC61202AE016C300D2A5C9 /* VCamUIPreviewUITests.swift in Sources */,
			);
			runOnlyForDeploymentPostprocessing = 0;
		};
/* End PBXSourcesBuildPhase section */

/* Begin PBXTargetDependency section */
		06EC61242AE016C300D2A5C9 /* PBXTargetDependency */ = {
			isa = PBXTargetDependency;
			target = 061238612ADE9A8300B67618 /* VCamUIPreview */;
			targetProxy = 06EC61232AE016C300D2A5C9 /* PBXContainerItemProxy */;
		};
/* End PBXTargetDependency section */

/* Begin XCBuildConfiguration section */
		0612386F2ADE9A8400B67618 /* Debug */ = {
			isa = XCBuildConfiguration;
			buildSettings = {
				ALWAYS_SEARCH_USER_PATHS = NO;
				ASSETCATALOG_COMPILER_GENERATE_SWIFT_ASSET_SYMBOL_EXTENSIONS = YES;
				CLANG_ANALYZER_NONNULL = YES;
				CLANG_ANALYZER_NUMBER_OBJECT_CONVERSION = YES_AGGRESSIVE;
				CLANG_CXX_LANGUAGE_STANDARD = "gnu++20";
				CLANG_ENABLE_MODULES = YES;
				CLANG_ENABLE_OBJC_ARC = YES;
				CLANG_ENABLE_OBJC_WEAK = YES;
				CLANG_WARN_BLOCK_CAPTURE_AUTORELEASING = YES;
				CLANG_WARN_BOOL_CONVERSION = YES;
				CLANG_WARN_COMMA = YES;
				CLANG_WARN_CONSTANT_CONVERSION = YES;
				CLANG_WARN_DEPRECATED_OBJC_IMPLEMENTATIONS = YES;
				CLANG_WARN_DIRECT_OBJC_ISA_USAGE = YES_ERROR;
				CLANG_WARN_DOCUMENTATION_COMMENTS = YES;
				CLANG_WARN_EMPTY_BODY = YES;
				CLANG_WARN_ENUM_CONVERSION = YES;
				CLANG_WARN_INFINITE_RECURSION = YES;
				CLANG_WARN_INT_CONVERSION = YES;
				CLANG_WARN_NON_LITERAL_NULL_CONVERSION = YES;
				CLANG_WARN_OBJC_IMPLICIT_RETAIN_SELF = YES;
				CLANG_WARN_OBJC_LITERAL_CONVERSION = YES;
				CLANG_WARN_OBJC_ROOT_CLASS = YES_ERROR;
				CLANG_WARN_QUOTED_INCLUDE_IN_FRAMEWORK_HEADER = YES;
				CLANG_WARN_RANGE_LOOP_ANALYSIS = YES;
				CLANG_WARN_STRICT_PROTOTYPES = YES;
				CLANG_WARN_SUSPICIOUS_MOVE = YES;
				CLANG_WARN_UNGUARDED_AVAILABILITY = YES_AGGRESSIVE;
				CLANG_WARN_UNREACHABLE_CODE = YES;
				CLANG_WARN__DUPLICATE_METHOD_MATCH = YES;
				COPY_PHASE_STRIP = NO;
				DEBUG_INFORMATION_FORMAT = dwarf;
				ENABLE_STRICT_OBJC_MSGSEND = YES;
				ENABLE_TESTABILITY = YES;
				ENABLE_USER_SCRIPT_SANDBOXING = YES;
				GCC_C_LANGUAGE_STANDARD = gnu17;
				GCC_DYNAMIC_NO_PIC = NO;
				GCC_NO_COMMON_BLOCKS = YES;
				GCC_OPTIMIZATION_LEVEL = 0;
				GCC_PREPROCESSOR_DEFINITIONS = (
					"DEBUG=1",
					"$(inherited)",
				);
				GCC_WARN_64_TO_32_BIT_CONVERSION = YES;
				GCC_WARN_ABOUT_RETURN_TYPE = YES_ERROR;
				GCC_WARN_UNDECLARED_SELECTOR = YES;
				GCC_WARN_UNINITIALIZED_AUTOS = YES_AGGRESSIVE;
				GCC_WARN_UNUSED_FUNCTION = YES;
				GCC_WARN_UNUSED_VARIABLE = YES;
				LOCALIZATION_PREFERS_STRING_CATALOGS = YES;
				MACOSX_DEPLOYMENT_TARGET = 14.0;
				MTL_ENABLE_DEBUG_INFO = INCLUDE_SOURCE;
				MTL_FAST_MATH = YES;
				ONLY_ACTIVE_ARCH = YES;
				SDKROOT = macosx;
				SWIFT_ACTIVE_COMPILATION_CONDITIONS = "DEBUG $(inherited)";
				SWIFT_OPTIMIZATION_LEVEL = "-Onone";
			};
			name = Debug;
		};
		061238702ADE9A8400B67618 /* Release */ = {
			isa = XCBuildConfiguration;
			buildSettings = {
				ALWAYS_SEARCH_USER_PATHS = NO;
				ASSETCATALOG_COMPILER_GENERATE_SWIFT_ASSET_SYMBOL_EXTENSIONS = YES;
				CLANG_ANALYZER_NONNULL = YES;
				CLANG_ANALYZER_NUMBER_OBJECT_CONVERSION = YES_AGGRESSIVE;
				CLANG_CXX_LANGUAGE_STANDARD = "gnu++20";
				CLANG_ENABLE_MODULES = YES;
				CLANG_ENABLE_OBJC_ARC = YES;
				CLANG_ENABLE_OBJC_WEAK = YES;
				CLANG_WARN_BLOCK_CAPTURE_AUTORELEASING = YES;
				CLANG_WARN_BOOL_CONVERSION = YES;
				CLANG_WARN_COMMA = YES;
				CLANG_WARN_CONSTANT_CONVERSION = YES;
				CLANG_WARN_DEPRECATED_OBJC_IMPLEMENTATIONS = YES;
				CLANG_WARN_DIRECT_OBJC_ISA_USAGE = YES_ERROR;
				CLANG_WARN_DOCUMENTATION_COMMENTS = YES;
				CLANG_WARN_EMPTY_BODY = YES;
				CLANG_WARN_ENUM_CONVERSION = YES;
				CLANG_WARN_INFINITE_RECURSION = YES;
				CLANG_WARN_INT_CONVERSION = YES;
				CLANG_WARN_NON_LITERAL_NULL_CONVERSION = YES;
				CLANG_WARN_OBJC_IMPLICIT_RETAIN_SELF = YES;
				CLANG_WARN_OBJC_LITERAL_CONVERSION = YES;
				CLANG_WARN_OBJC_ROOT_CLASS = YES_ERROR;
				CLANG_WARN_QUOTED_INCLUDE_IN_FRAMEWORK_HEADER = YES;
				CLANG_WARN_RANGE_LOOP_ANALYSIS = YES;
				CLANG_WARN_STRICT_PROTOTYPES = YES;
				CLANG_WARN_SUSPICIOUS_MOVE = YES;
				CLANG_WARN_UNGUARDED_AVAILABILITY = YES_AGGRESSIVE;
				CLANG_WARN_UNREACHABLE_CODE = YES;
				CLANG_WARN__DUPLICATE_METHOD_MATCH = YES;
				COPY_PHASE_STRIP = NO;
				DEBUG_INFORMATION_FORMAT = "dwarf-with-dsym";
				ENABLE_NS_ASSERTIONS = NO;
				ENABLE_STRICT_OBJC_MSGSEND = YES;
				ENABLE_USER_SCRIPT_SANDBOXING = YES;
				GCC_C_LANGUAGE_STANDARD = gnu17;
				GCC_NO_COMMON_BLOCKS = YES;
				GCC_WARN_64_TO_32_BIT_CONVERSION = YES;
				GCC_WARN_ABOUT_RETURN_TYPE = YES_ERROR;
				GCC_WARN_UNDECLARED_SELECTOR = YES;
				GCC_WARN_UNINITIALIZED_AUTOS = YES_AGGRESSIVE;
				GCC_WARN_UNUSED_FUNCTION = YES;
				GCC_WARN_UNUSED_VARIABLE = YES;
				LOCALIZATION_PREFERS_STRING_CATALOGS = YES;
				MACOSX_DEPLOYMENT_TARGET = 14.0;
				MTL_ENABLE_DEBUG_INFO = NO;
				MTL_FAST_MATH = YES;
				SDKROOT = macosx;
				SWIFT_COMPILATION_MODE = wholemodule;
			};
			name = Release;
		};
		061238722ADE9A8400B67618 /* Debug */ = {
			isa = XCBuildConfiguration;
			buildSettings = {
				ASSETCATALOG_COMPILER_APPICON_NAME = AppIcon;
				ASSETCATALOG_COMPILER_GLOBAL_ACCENT_COLOR_NAME = AccentColor;
				CODE_SIGN_ENTITLEMENTS = VCamUIPreview/VCamUIPreview.entitlements;
				CODE_SIGN_STYLE = Manual;
				COMBINE_HIDPI_IMAGES = YES;
				CURRENT_PROJECT_VERSION = 1;
				DEVELOPMENT_ASSET_PATHS = "\"VCamUIPreview/Preview Content\"";
				DEVELOPMENT_TEAM = "";
				ENABLE_PREVIEWS = YES;
				GENERATE_INFOPLIST_FILE = YES;
				INFOPLIST_KEY_NSCameraUsageDescription = "Use camera";
				INFOPLIST_KEY_NSHumanReadableCopyright = "";
				INFOPLIST_KEY_NSMicrophoneUsageDescription = "Use mic";
				LD_RUNPATH_SEARCH_PATHS = (
					"$(inherited)",
					"@executable_path/../Frameworks",
				);
				MARKETING_VERSION = 1.0;
				PRODUCT_BUNDLE_IDENTIFIER = com.vcamapp.example.VCamUIPreview;
				PRODUCT_NAME = "$(TARGET_NAME)";
				PROVISIONING_PROFILE_SPECIFIER = "";
				SWIFT_EMIT_LOC_STRINGS = YES;
				SWIFT_VERSION = 5.0;
			};
			name = Debug;
		};
		061238732ADE9A8400B67618 /* Release */ = {
			isa = XCBuildConfiguration;
			buildSettings = {
				ASSETCATALOG_COMPILER_APPICON_NAME = AppIcon;
				ASSETCATALOG_COMPILER_GLOBAL_ACCENT_COLOR_NAME = AccentColor;
				CODE_SIGN_ENTITLEMENTS = VCamUIPreview/VCamUIPreview.entitlements;
				CODE_SIGN_STYLE = Manual;
				COMBINE_HIDPI_IMAGES = YES;
				CURRENT_PROJECT_VERSION = 1;
				DEVELOPMENT_ASSET_PATHS = "\"VCamUIPreview/Preview Content\"";
				DEVELOPMENT_TEAM = "";
				ENABLE_PREVIEWS = YES;
				GENERATE_INFOPLIST_FILE = YES;
				INFOPLIST_KEY_NSCameraUsageDescription = "Use camera";
				INFOPLIST_KEY_NSHumanReadableCopyright = "";
				INFOPLIST_KEY_NSMicrophoneUsageDescription = "Use mic";
				LD_RUNPATH_SEARCH_PATHS = (
					"$(inherited)",
					"@executable_path/../Frameworks",
				);
				MARKETING_VERSION = 1.0;
				PRODUCT_BUNDLE_IDENTIFIER = com.vcamapp.example.VCamUIPreview;
				PRODUCT_NAME = "$(TARGET_NAME)";
				PROVISIONING_PROFILE_SPECIFIER = "";
				SWIFT_EMIT_LOC_STRINGS = YES;
				SWIFT_VERSION = 5.0;
			};
			name = Release;
		};
		06EC61252AE016C300D2A5C9 /* Debug */ = {
			isa = XCBuildConfiguration;
			buildSettings = {
				CODE_SIGN_STYLE = Manual;
				CURRENT_PROJECT_VERSION = 1;
				DEVELOPMENT_TEAM = "";
				GENERATE_INFOPLIST_FILE = YES;
				MARKETING_VERSION = 1.0;
				PRODUCT_BUNDLE_IDENTIFIER = com.vcamapp.example.VCamUIPreviewUITests;
				PRODUCT_NAME = "$(TARGET_NAME)";
				PROVISIONING_PROFILE_SPECIFIER = "";
				SWIFT_EMIT_LOC_STRINGS = NO;
				SWIFT_VERSION = 5.0;
				TEST_TARGET_NAME = VCamUIPreview;
			};
			name = Debug;
		};
		06EC61262AE016C300D2A5C9 /* Release */ = {
			isa = XCBuildConfiguration;
			buildSettings = {
				CODE_SIGN_STYLE = Manual;
				CURRENT_PROJECT_VERSION = 1;
				DEVELOPMENT_TEAM = "";
				GENERATE_INFOPLIST_FILE = YES;
				MARKETING_VERSION = 1.0;
				PRODUCT_BUNDLE_IDENTIFIER = com.vcamapp.example.VCamUIPreviewUITests;
				PRODUCT_NAME = "$(TARGET_NAME)";
				PROVISIONING_PROFILE_SPECIFIER = "";
				SWIFT_EMIT_LOC_STRINGS = NO;
				SWIFT_VERSION = 5.0;
				TEST_TARGET_NAME = VCamUIPreview;
			};
			name = Release;
		};
/* End XCBuildConfiguration section */

/* Begin XCConfigurationList section */
		0612385D2ADE9A8300B67618 /* Build configuration list for PBXProject "VCam" */ = {
			isa = XCConfigurationList;
			buildConfigurations = (
				0612386F2ADE9A8400B67618 /* Debug */,
				061238702ADE9A8400B67618 /* Release */,
			);
			defaultConfigurationIsVisible = 0;
			defaultConfigurationName = Release;
		};
		061238712ADE9A8400B67618 /* Build configuration list for PBXNativeTarget "VCamUIPreview" */ = {
			isa = XCConfigurationList;
			buildConfigurations = (
				061238722ADE9A8400B67618 /* Debug */,
				061238732ADE9A8400B67618 /* Release */,
			);
			defaultConfigurationIsVisible = 0;
			defaultConfigurationName = Release;
		};
		06EC61272AE016C300D2A5C9 /* Build configuration list for PBXNativeTarget "VCamUIPreviewUITests" */ = {
			isa = XCConfigurationList;
			buildConfigurations = (
				06EC61252AE016C300D2A5C9 /* Debug */,
				06EC61262AE016C300D2A5C9 /* Release */,
			);
			defaultConfigurationIsVisible = 0;
			defaultConfigurationName = Release;
		};
/* End XCConfigurationList section */

/* Begin XCSwiftPackageProductDependency section */
		061238772ADE9CEE00B67618 /* VCam */ = {
			isa = XCSwiftPackageProductDependency;
			productName = VCam;
		};
		06A72E8C2AE4359E000D0B25 /* VCam */ = {
			isa = XCSwiftPackageProductDependency;
			productName = VCam;
		};
		06EC61172ADEE7A900D2A5C9 /* VCamStub */ = {
			isa = XCSwiftPackageProductDependency;
			productName = VCamStub;
		};
/* End XCSwiftPackageProductDependency section */
	};
	rootObject = 0612385A2ADE9A8300B67618 /* Project object */;
}
