{
  "originHash" : "cac630f43c336a485a5ce7d45a70d2a6e226403e97ec103bc4e609af0e0ebffa",
  "pins" : [
    {
      "identity" : "swift-vroid-sdk",
      "kind" : "remoteSourceControl",
      "location" : "https://github.com/tattn/swift-vroid-sdk",
      "state" : {
        "revision" : "0154d1556c81bbb752fcdc1be42473d276c82e0d",
        "version" : "0.1.2"
      }
    },
    {
      "identity" : "vrmkit",
      "kind" : "remoteSourceControl",
      "location" : "https://github.com/tattn/VRMKit",
      "state" : {
        "branch" : "main",
        "revision" : "6e5e1beef8a804d3c6865cbf77c5869cd80a3445"
      }
    }
  ],
  "version" : 3
}
