{
  "originHash" : "016daa6905e964e8c779941fd1421eec33c72ec7418e174b40d5e8f99559bad2",
  "pins" : [
    {
      "identity" : "swift-vroid-sdk",
      "kind" : "remoteSourceControl",
      "location" : "https://github.com/tattn/swift-vroid-sdk",
      "state" : {
        "revision" : "0154d1556c81bbb752fcdc1be42473d276c82e0d",
        "version" : "0.1.2"
      }
    },
    {
      "identity" : "vrmkit",
      "kind" : "remoteSourceControl",
      "location" : "https://github.com/tattn/VRMKit",
      "state" : {
        "branch" : "main",
        "revision" : "8a1bd0b03278993a21e9c9f02908cb46c9a899a1"
      }
    }
  ],
  "version" : 3
}
